{
  "name": "Player.Api.Client",
  "lockfileVersion": 2,
  "requires": true,
  "packages": {
    "": {
      "dependencies": {
        "nswag": "^14.2.0"
      }
    },
    "node_modules/nswag": {
      "version": "14.2.0",
      "resolved": "https://registry.npmjs.org/nswag/-/nswag-14.2.0.tgz",
      "integrity": "sha512-paE+kXYx6yNknEG0LmGmoOFGFRN6GKvEjmDivDX417wyapWeZGnd5TCEBvcyfRaUlp6oDRucWGVD1ZKTyGSJ/g==",
      "bin": {
        "nswag": "bin/nswag.js"
      },
      "engines": {
        "npm": ">=3.10.8"
      }
    }
  },
  "dependencies": {
    "nswag": {
      "version": "14.2.0",
      "resolved": "https://registry.npmjs.org/nswag/-/nswag-14.2.0.tgz",
      "integrity": "sha512-paE+kXYx6yNknEG0LmGmoOFGFRN6GKvEjmDivDX417wyapWeZGnd5TCEBvcyfRaUlp6oDRucWGVD1ZKTyGSJ/g=="
    }
  }
}
