{
  "name": "Player.Api.Client",
  "lockfileVersion": 2,
  "requires": true,
  "packages": {
    "": {
      "dependencies": {
        "nswag": "^13.15.5"
      }
    },
    "node_modules/nswag": {
      "version": "13.15.5",
      "resolved": "https://registry.npmjs.org/nswag/-/nswag-13.15.5.tgz",
      "integrity": "sha512-1FHcyXME7YH9fYMkpr0DbU7tFz2mB+t6/nzFr8LkRonypwBBNaL++NVO1Gsi+r7hpV0b0QQqlP58JWHfRrbExQ==",
      "bin": {
        "nswag": "bin/nswag.js"
      },
      "engines": {
        "npm": ">=3.10.8"
      }
    }
  },
  "dependencies": {
    "nswag": {
      "version": "13.15.5",
      "resolved": "https://registry.npmjs.org/nswag/-/nswag-13.15.5.tgz",
      "integrity": "sha512-1FHcyXME7YH9fYMkpr0DbU7tFz2mB+t6/nzFr8LkRonypwBBNaL++NVO1Gsi+r7hpV0b0QQqlP58JWHfRrbExQ=="
    }
  }
}
