{
  "name": "Player.Api.Client",
  "lockfileVersion": 2,
  "requires": true,
  "packages": {
    "": {
      "dependencies": {
        "nswag": "^14.2.0"
      }
    },
    "node_modules/nswag": {
      "version": "14.6.3",
      "resolved": "https://registry.npmjs.org/nswag/-/nswag-14.6.3.tgz",
      "integrity": "sha512-OyZFPTArCjcDGDqt74izm9XvEQ2xnSVynsEXdSWd7YFVMuhkfZ/mzVq5JTeBrDmUMDFfMe3uzqAGTf7GG8iHLQ==",
      "license": "MIT",
      "bin": {
        "nswag": "bin/nswag.js"
      },
      "engines": {
        "npm": ">=3.10.8"
      }
    }
  },
  "dependencies": {
    "nswag": {
      "version": "14.6.3",
      "resolved": "https://registry.npmjs.org/nswag/-/nswag-14.6.3.tgz",
      "integrity": "sha512-OyZFPTArCjcDGDqt74izm9XvEQ2xnSVynsEXdSWd7YFVMuhkfZ/mzVq5JTeBrDmUMDFfMe3uzqAGTf7GG8iHLQ=="
    }
  }
}
